{
	"name": "osmium-webapi",
	"version": "0.6.4",
	"lockfileVersion": 1,
	"requires": true,
	"dependencies": {
		"@types/deep-equal": {
			"version": "1.0.1",
			"resolved": "https://registry.npmjs.org/@types/deep-equal/-/deep-equal-1.0.1.tgz",
			"integrity": "sha512-mMUu4nWHLBlHtxXY17Fg6+ucS/MnndyOWyOe7MmwkoMYxvfQU2ajtRaEvqSUv+aVkMqH/C0NCI8UoVfRNQ10yg=="
		},
		"bignumber.js": {
			"version": "9.0.0",
			"resolved": "https://registry.npmjs.org/bignumber.js/-/bignumber.js-9.0.0.tgz",
			"integrity": "sha512-t/OYhhJ2SD+YGBQcjY8GzzDHEk9f3nerxjtfa6tlMXfe7frs/WozhvCNoGvpM0P3bNf3Gq5ZRMlGr5f3r4/N8A=="
		},
		"deep-equal": {
			"version": "1.0.1",
			"resolved": "https://registry.npmjs.org/deep-equal/-/deep-equal-1.0.1.tgz",
			"integrity": "sha1-9dJgKStmDghO/0zbyfCK0yR0SLU="
		},
		"osmium-coder": {
			"version": "0.5.1",
			"resolved": "https://registry.npmjs.org/osmium-coder/-/osmium-coder-0.5.1.tgz",
			"integrity": "sha512-9Gep56fpmOZBfeIbB/wD5xhswP9muUt0ZJc3+2SEN/DwwTrF2OzhmBx9CNlriQgD/2h191taUBsHnGmvYnwk1A==",
			"requires": {
				"bignumber.js": "^9.0.0",
				"osmium-tools": "^0.2.5"
			}
		},
		"osmium-events": {
			"version": "0.4.1",
			"resolved": "https://registry.npmjs.org/osmium-events/-/osmium-events-0.4.1.tgz",
			"integrity": "sha512-QgQetXvuRByaq9/EtzbEg4xU4gz4r8eMt0yXswmArX0rJQMXXwp+ESUvW2N3K3eAwWmbs/fN6msDkyDBnxX5xw==",
			"requires": {
				"osmium-tools": "^0.2.8"
			}
		},
		"osmium-serializer": {
			"version": "0.3.1",
			"resolved": "https://registry.npmjs.org/osmium-serializer/-/osmium-serializer-0.3.1.tgz",
			"integrity": "sha512-6hs6MiHGjbS3XhGcQAddJQA/n8uElU3ZP39VzCJbW2K+lgBhUvOMQIAE7hZWmi7Yd9Hb4qJr0R1MSz2xgchF4Q==",
			"requires": {
				"bignumber.js": "^9.0.0",
				"osmium-coder": "^0.5.1",
				"osmium-tools": "^0.2.5"
			}
		},
		"osmium-tools": {
			"version": "0.2.8",
			"resolved": "https://registry.npmjs.org/osmium-tools/-/osmium-tools-0.2.8.tgz",
			"integrity": "sha512-ppb8MkW+YzWg+WXls89kjUnunlPPUMT4XMRD1fgELeVyC14OR9qilAiyhBMivo/CiASBbVTc9qyska20SfTXSg==",
			"requires": {
				"@types/deep-equal": "^1.0.1",
				"deep-equal": "^1.0.1"
			}
		}
	}
}
